// !$*UTF8*$!
{
	archiveVersion = 1;
	classes = {
	};
	objectVersion = 56;
	objects = {

/* Begin PBXBuildFile section */
		C04D9DCC2B6AD32D00BB5CF6 /* ProjetoFinalApp.swift in Sources */ = {isa = PBXBuildFile; fileRef = C04D9DCB2B6AD32D00BB5CF6 /* ProjetoFinalApp.swift */; };
		C04D9DCE2B6AD32D00BB5CF6 /* ContentView.swift in Sources */ = {isa = PBXBuildFile; fileRef = C04D9DCD2B6AD32D00BB5CF6 /* ContentView.swift */; };
		C04D9DD02B6AD32F00BB5CF6 /* Assets.xcassets in Resources */ = {isa = PBXBuildFile; fileRef = C04D9DCF2B6AD32F00BB5CF6 /* Assets.xcassets */; };
		C04D9DD32B6AD32F00BB5CF6 /* Preview Assets.xcassets in Resources */ = {isa = PBXBuildFile; fileRef = C04D9DD22B6AD32F00BB5CF6 /* Preview Assets.xcassets */; };
		C04D9DDC2B6ADF5500BB5CF6 /* PhotosDayView.swift in Sources */ = {isa = PBXBuildFile; fileRef = C04D9DDB2B6ADF5500BB5CF6 /* PhotosDayView.swift */; };
		C04D9DE02B6ADF9500BB5CF6 /* HomeView.swift in Sources */ = {isa = PBXBuildFile; fileRef = C04D9DDF2B6ADF9500BB5CF6 /* HomeView.swift */; };
		C04D9DE22B6ADFAA00BB5CF6 /* NewsView.swift in Sources */ = {isa = PBXBuildFile; fileRef = C04D9DE12B6ADFAA00BB5CF6 /* NewsView.swift */; };
		C04D9E022B6C31DF00BB5CF6 /* InfoView.swift in Sources */ = {isa = PBXBuildFile; fileRef = C04D9E012B6C31DF00BB5CF6 /* InfoView.swift */; };
		C04D9E0A2B6ED8B700BB5CF6 /* Model.swift in Sources */ = {isa = PBXBuildFile; fileRef = C04D9E092B6ED8B700BB5CF6 /* Model.swift */; };
		C04D9E0C2B6ED8C300BB5CF6 /* ViewModel.swift in Sources */ = {isa = PBXBuildFile; fileRef = C04D9E0B2B6ED8C300BB5CF6 /* ViewModel.swift */; };
		C04D9E122B715EB700BB5CF6 /* RocketsView.swift in Sources */ = {isa = PBXBuildFile; fileRef = C04D9E112B715EB700BB5CF6 /* RocketsView.swift */; };
		C04D9E142B72C77600BB5CF6 /* swiftView.swift in Sources */ = {isa = PBXBuildFile; fileRef = C04D9E132B72C77600BB5CF6 /* swiftView.swift */; };
		C04D9E182B72CF7B00BB5CF6 /* SwiftfogueteUIView.swift in Sources */ = {isa = PBXBuildFile; fileRef = C04D9E172B72CF7B00BB5CF6 /* SwiftfogueteUIView.swift */; };
		C04D9E1A2B72D11800BB5CF6 /* SwiftinfoView.swift in Sources */ = {isa = PBXBuildFile; fileRef = C04D9E192B72D11800BB5CF6 /* SwiftinfoView.swift */; };
		C0AD21D22B740F5300C63D94 /* personalizacao.swift in Sources */ = {isa = PBXBuildFile; fileRef = C0AD21D12B740F5300C63D94 /* personalizacao.swift */; };
		C0AD21D42B74225100C63D94 /* Iniciar.swift in Sources */ = {isa = PBXBuildFile; fileRef = C0AD21D32B74225100C63D94 /* Iniciar.swift */; };
/* End PBXBuildFile section */

/* Begin PBXFileReference section */
		C04D9DC82B6AD32D00BB5CF6 /* ProjetoFinal.app */ = {isa = PBXFileReference; explicitFileType = wrapper.application; includeInIndex = 0; path = ProjetoFinal.app; sourceTree = BUILT_PRODUCTS_DIR; };
		C04D9DCB2B6AD32D00BB5CF6 /* ProjetoFinalApp.swift */ = {isa = PBXFileReference; lastKnownFileType = sourcecode.swift; path = ProjetoFinalApp.swift; sourceTree = "<group>"; };
		C04D9DCD2B6AD32D00BB5CF6 /* ContentView.swift */ = {isa = PBXFileReference; lastKnownFileType = sourcecode.swift; path = ContentView.swift; sourceTree = "<group>"; };
		C04D9DCF2B6AD32F00BB5CF6 /* Assets.xcassets */ = {isa = PBXFileReference; lastKnownFileType = folder.assetcatalog; path = Assets.xcassets; sourceTree = "<group>"; };
		C04D9DD22B6AD32F00BB5CF6 /* Preview Assets.xcassets */ = {isa = PBXFileReference; lastKnownFileType = folder.assetcatalog; path = "Preview Assets.xcassets"; sourceTree = "<group>"; };
		C04D9DDB2B6ADF5500BB5CF6 /* PhotosDayView.swift */ = {isa = PBXFileReference; lastKnownFileType = sourcecode.swift; path = PhotosDayView.swift; sourceTree = "<group>"; };
		C04D9DDF2B6ADF9500BB5CF6 /* HomeView.swift */ = {isa = PBXFileReference; lastKnownFileType = sourcecode.swift; path = HomeView.swift; sourceTree = "<group>"; };
		C04D9DE12B6ADFAA00BB5CF6 /* NewsView.swift */ = {isa = PBXFileReference; lastKnownFileType = sourcecode.swift; path = NewsView.swift; sourceTree = "<group>"; };
		C04D9E012B6C31DF00BB5CF6 /* InfoView.swift */ = {isa = PBXFileReference; lastKnownFileType = sourcecode.swift; path = InfoView.swift; sourceTree = "<group>"; };
		C04D9E092B6ED8B700BB5CF6 /* Model.swift */ = {isa = PBXFileReference; lastKnownFileType = sourcecode.swift; path = Model.swift; sourceTree = "<group>"; };
		C04D9E0B2B6ED8C300BB5CF6 /* ViewModel.swift */ = {isa = PBXFileReference; lastKnownFileType = sourcecode.swift; path = ViewModel.swift; sourceTree = "<group>"; };
		C04D9E112B715EB700BB5CF6 /* RocketsView.swift */ = {isa = PBXFileReference; lastKnownFileType = sourcecode.swift; path = RocketsView.swift; sourceTree = "<group>"; };
		C04D9E132B72C77600BB5CF6 /* swiftView.swift */ = {isa = PBXFileReference; lastKnownFileType = sourcecode.swift; path = swiftView.swift; sourceTree = "<group>"; };
		C04D9E172B72CF7B00BB5CF6 /* SwiftfogueteUIView.swift */ = {isa = PBXFileReference; lastKnownFileType = sourcecode.swift; path = SwiftfogueteUIView.swift; sourceTree = "<group>"; };
		C04D9E192B72D11800BB5CF6 /* SwiftinfoView.swift */ = {isa = PBXFileReference; lastKnownFileType = sourcecode.swift; path = SwiftinfoView.swift; sourceTree = "<group>"; };
		C0AD21D12B740F5300C63D94 /* personalizacao.swift */ = {isa = PBXFileReference; lastKnownFileType = sourcecode.swift; path = personalizacao.swift; sourceTree = "<group>"; };
		C0AD21D32B74225100C63D94 /* Iniciar.swift */ = {isa = PBXFileReference; fileEncoding = 4; lastKnownFileType = sourcecode.swift; name = Iniciar.swift; path = ../../../Downloads/Iniciar.swift; sourceTree = "<group>"; };
/* End PBXFileReference section */

/* Begin PBXFrameworksBuildPhase section */
		C04D9DC52B6AD32D00BB5CF6 /* Frameworks */ = {
			isa = PBXFrameworksBuildPhase;
			buildActionMask = 2147483647;
			files = (
			);
			runOnlyForDeploymentPostprocessing = 0;
		};
/* End PBXFrameworksBuildPhase section */

/* Begin PBXGroup section */
		C04D9DBF2B6AD32D00BB5CF6 = {
			isa = PBXGroup;
			children = (
				C0AD21D32B74225100C63D94 /* Iniciar.swift */,
				C0AD21D12B740F5300C63D94 /* personalizacao.swift */,
				C04D9E192B72D11800BB5CF6 /* SwiftinfoView.swift */,
				C04D9E172B72CF7B00BB5CF6 /* SwiftfogueteUIView.swift */,
				C04D9E132B72C77600BB5CF6 /* swiftView.swift */,
				C04D9E112B715EB700BB5CF6 /* RocketsView.swift */,
				C04D9E0B2B6ED8C300BB5CF6 /* ViewModel.swift */,
				C04D9E092B6ED8B700BB5CF6 /* Model.swift */,
				C04D9E012B6C31DF00BB5CF6 /* InfoView.swift */,
				C04D9DE12B6ADFAA00BB5CF6 /* NewsView.swift */,
				C04D9DDF2B6ADF9500BB5CF6 /* HomeView.swift */,
				C04D9DDB2B6ADF5500BB5CF6 /* PhotosDayView.swift */,
				C04D9DCA2B6AD32D00BB5CF6 /* ProjetoFinal */,
				C04D9DC92B6AD32D00BB5CF6 /* Products */,
			);
			sourceTree = "<group>";
		};
		C04D9DC92B6AD32D00BB5CF6 /* Products */ = {
			isa = PBXGroup;
			children = (
				C04D9DC82B6AD32D00BB5CF6 /* ProjetoFinal.app */,
			);
			name = Products;
			sourceTree = "<group>";
		};
		C04D9DCA2B6AD32D00BB5CF6 /* ProjetoFinal */ = {
			isa = PBXGroup;
			children = (
				C04D9DCB2B6AD32D00BB5CF6 /* ProjetoFinalApp.swift */,
				C04D9DCD2B6AD32D00BB5CF6 /* ContentView.swift */,
				C04D9DCF2B6AD32F00BB5CF6 /* Assets.xcassets */,
				C04D9DD12B6AD32F00BB5CF6 /* Preview Content */,
			);
			path = ProjetoFinal;
			sourceTree = "<group>";
		};
		C04D9DD12B6AD32F00BB5CF6 /* Preview Content */ = {
			isa = PBXGroup;
			children = (
				C04D9DD22B6AD32F00BB5CF6 /* Preview Assets.xcassets */,
			);
			path = "Preview Content";
			sourceTree = "<group>";
		};
/* End PBXGroup section */

/* Begin PBXNativeTarget section */
		C04D9DC72B6AD32D00BB5CF6 /* ProjetoFinal */ = {
			isa = PBXNativeTarget;
			buildConfigurationList = C04D9DD62B6AD32F00BB5CF6 /* Build configuration list for PBXNativeTarget "ProjetoFinal" */;
			buildPhases = (
				C04D9DC42B6AD32D00BB5CF6 /* Sources */,
				C04D9DC52B6AD32D00BB5CF6 /* Frameworks */,
				C04D9DC62B6AD32D00BB5CF6 /* Resources */,
			);
			buildRules = (
			);
			dependencies = (
			);
			name = ProjetoFinal;
			productName = ProjetoFinal;
			productReference = C04D9DC82B6AD32D00BB5CF6 /* ProjetoFinal.app */;
			productType = "com.apple.product-type.application";
		};
/* End PBXNativeTarget section */

/* Begin PBXProject section */
		C04D9DC02B6AD32D00BB5CF6 /* Project object */ = {
			isa = PBXProject;
			attributes = {
				BuildIndependentTargetsInParallel = 1;
				LastSwiftUpdateCheck = 1420;
				LastUpgradeCheck = 1420;
				TargetAttributes = {
					C04D9DC72B6AD32D00BB5CF6 = {
						CreatedOnToolsVersion = 14.2;
					};
				};
			};
			buildConfigurationList = C04D9DC32B6AD32D00BB5CF6 /* Build configuration list for PBXProject "ProjetoFinal" */;
			compatibilityVersion = "Xcode 14.0";
			developmentRegion = en;
			hasScannedForEncodings = 0;
			knownRegions = (
				en,
				Base,
			);
			mainGroup = C04D9DBF2B6AD32D00BB5CF6;
			productRefGroup = C04D9DC92B6AD32D00BB5CF6 /* Products */;
			projectDirPath = "";
			projectRoot = "";
			targets = (
				C04D9DC72B6AD32D00BB5CF6 /* ProjetoFinal */,
			);
		};
/* End PBXProject section */

/* Begin PBXResourcesBuildPhase section */
		C04D9DC62B6AD32D00BB5CF6 /* Resources */ = {
			isa = PBXResourcesBuildPhase;
			buildActionMask = 2147483647;
			files = (
				C04D9DD32B6AD32F00BB5CF6 /* Preview Assets.xcassets in Resources */,
				C04D9DD02B6AD32F00BB5CF6 /* Assets.xcassets in Resources */,
			);
			runOnlyForDeploymentPostprocessing = 0;
		};
/* End PBXResourcesBuildPhase section */

/* Begin PBXSourcesBuildPhase section */
		C04D9DC42B6AD32D00BB5CF6 /* Sources */ = {
			isa = PBXSourcesBuildPhase;
			buildActionMask = 2147483647;
			files = (
				C04D9E142B72C77600BB5CF6 /* swiftView.swift in Sources */,
				C04D9E0A2B6ED8B700BB5CF6 /* Model.swift in Sources */,
				C04D9E122B715EB700BB5CF6 /* RocketsView.swift in Sources */,
				C04D9DCE2B6AD32D00BB5CF6 /* ContentView.swift in Sources */,
				C04D9DE02B6ADF9500BB5CF6 /* HomeView.swift in Sources */,
				C04D9DDC2B6ADF5500BB5CF6 /* PhotosDayView.swift in Sources */,
				C04D9E1A2B72D11800BB5CF6 /* SwiftinfoView.swift in Sources */,
				C04D9DE22B6ADFAA00BB5CF6 /* NewsView.swift in Sources */,
				C0AD21D22B740F5300C63D94 /* personalizacao.swift in Sources */,
				C04D9E182B72CF7B00BB5CF6 /* SwiftfogueteUIView.swift in Sources */,
				C04D9E022B6C31DF00BB5CF6 /* InfoView.swift in Sources */,
				C04D9E0C2B6ED8C300BB5CF6 /* ViewModel.swift in Sources */,
				C04D9DCC2B6AD32D00BB5CF6 /* ProjetoFinalApp.swift in Sources */,
				C0AD21D42B74225100C63D94 /* Iniciar.swift in Sources */,
			);
			runOnlyForDeploymentPostprocessing = 0;
		};
/* End PBXSourcesBuildPhase section */

/* Begin XCBuildConfiguration section */
		C04D9DD42B6AD32F00BB5CF6 /* Debug */ = {
			isa = XCBuildConfiguration;
			buildSettings = {
				ALWAYS_SEARCH_USER_PATHS = NO;
				CLANG_ANALYZER_NONNULL = YES;
				CLANG_ANALYZER_NUMBER_OBJECT_CONVERSION = YES_AGGRESSIVE;
				CLANG_CXX_LANGUAGE_STANDARD = "gnu++20";
				CLANG_ENABLE_MODULES = YES;
				CLANG_ENABLE_OBJC_ARC = YES;
				CLANG_ENABLE_OBJC_WEAK = YES;
				CLANG_WARN_BLOCK_CAPTURE_AUTORELEASING = YES;
				CLANG_WARN_BOOL_CONVERSION = YES;
				CLANG_WARN_COMMA = YES;
				CLANG_WARN_CONSTANT_CONVERSION = YES;
				CLANG_WARN_DEPRECATED_OBJC_IMPLEMENTATIONS = YES;
				CLANG_WARN_DIRECT_OBJC_ISA_USAGE = YES_ERROR;
				CLANG_WARN_DOCUMENTATION_COMMENTS = YES;
				CLANG_WARN_EMPTY_BODY = YES;
				CLANG_WARN_ENUM_CONVERSION = YES;
				CLANG_WARN_INFINITE_RECURSION = YES;
				CLANG_WARN_INT_CONVERSION = YES;
				CLANG_WARN_NON_LITERAL_NULL_CONVERSION = YES;
				CLANG_WARN_OBJC_IMPLICIT_RETAIN_SELF = YES;
				CLANG_WARN_OBJC_LITERAL_CONVERSION = YES;
				CLANG_WARN_OBJC_ROOT_CLASS = YES_ERROR;
				CLANG_WARN_QUOTED_INCLUDE_IN_FRAMEWORK_HEADER = YES;
				CLANG_WARN_RANGE_LOOP_ANALYSIS = YES;
				CLANG_WARN_STRICT_PROTOTYPES = YES;
				CLANG_WARN_SUSPICIOUS_MOVE = YES;
				CLANG_WARN_UNGUARDED_AVAILABILITY = YES_AGGRESSIVE;
				CLANG_WARN_UNREACHABLE_CODE = YES;
				CLANG_WARN__DUPLICATE_METHOD_MATCH = YES;
				COPY_PHASE_STRIP = NO;
				DEBUG_INFORMATION_FORMAT = dwarf;
				ENABLE_STRICT_OBJC_MSGSEND = YES;
				ENABLE_TESTABILITY = YES;
				GCC_C_LANGUAGE_STANDARD = gnu11;
				GCC_DYNAMIC_NO_PIC = NO;
				GCC_NO_COMMON_BLOCKS = YES;
				GCC_OPTIMIZATION_LEVEL = 0;
				GCC_PREPROCESSOR_DEFINITIONS = (
					"DEBUG=1",
					"$(inherited)",
				);
				GCC_WARN_64_TO_32_BIT_CONVERSION = YES;
				GCC_WARN_ABOUT_RETURN_TYPE = YES_ERROR;
				GCC_WARN_UNDECLARED_SELECTOR = YES;
				GCC_WARN_UNINITIALIZED_AUTOS = YES_AGGRESSIVE;
				GCC_WARN_UNUSED_FUNCTION = YES;
				GCC_WARN_UNUSED_VARIABLE = YES;
				IPHONEOS_DEPLOYMENT_TARGET = 16.2;
				MTL_ENABLE_DEBUG_INFO = INCLUDE_SOURCE;
				MTL_FAST_MATH = YES;
				ONLY_ACTIVE_ARCH = YES;
				SDKROOT = iphoneos;
				SWIFT_ACTIVE_COMPILATION_CONDITIONS = DEBUG;
				SWIFT_OPTIMIZATION_LEVEL = "-Onone";
			};
			name = Debug;
		};
		C04D9DD52B6AD32F00BB5CF6 /* Release */ = {
			isa = XCBuildConfiguration;
			buildSettings = {
				ALWAYS_SEARCH_USER_PATHS = NO;
				CLANG_ANALYZER_NONNULL = YES;
				CLANG_ANALYZER_NUMBER_OBJECT_CONVERSION = YES_AGGRESSIVE;
				CLANG_CXX_LANGUAGE_STANDARD = "gnu++20";
				CLANG_ENABLE_MODULES = YES;
				CLANG_ENABLE_OBJC_ARC = YES;
				CLANG_ENABLE_OBJC_WEAK = YES;
				CLANG_WARN_BLOCK_CAPTURE_AUTORELEASING = YES;
				CLANG_WARN_BOOL_CONVERSION = YES;
				CLANG_WARN_COMMA = YES;
				CLANG_WARN_CONSTANT_CONVERSION = YES;
				CLANG_WARN_DEPRECATED_OBJC_IMPLEMENTATIONS = YES;
				CLANG_WARN_DIRECT_OBJC_ISA_USAGE = YES_ERROR;
				CLANG_WARN_DOCUMENTATION_COMMENTS = YES;
				CLANG_WARN_EMPTY_BODY = YES;
				CLANG_WARN_ENUM_CONVERSION = YES;
				CLANG_WARN_INFINITE_RECURSION = YES;
				CLANG_WARN_INT_CONVERSION = YES;
				CLANG_WARN_NON_LITERAL_NULL_CONVERSION = YES;
				CLANG_WARN_OBJC_IMPLICIT_RETAIN_SELF = YES;
				CLANG_WARN_OBJC_LITERAL_CONVERSION = YES;
				CLANG_WARN_OBJC_ROOT_CLASS = YES_ERROR;
				CLANG_WARN_QUOTED_INCLUDE_IN_FRAMEWORK_HEADER = YES;
				CLANG_WARN_RANGE_LOOP_ANALYSIS = YES;
				CLANG_WARN_STRICT_PROTOTYPES = YES;
				CLANG_WARN_SUSPICIOUS_MOVE = YES;
				CLANG_WARN_UNGUARDED_AVAILABILITY = YES_AGGRESSIVE;
				CLANG_WARN_UNREACHABLE_CODE = YES;
				CLANG_WARN__DUPLICATE_METHOD_MATCH = YES;
				COPY_PHASE_STRIP = NO;
				DEBUG_INFORMATION_FORMAT = "dwarf-with-dsym";
				ENABLE_NS_ASSERTIONS = NO;
				ENABLE_STRICT_OBJC_MSGSEND = YES;
				GCC_C_LANGUAGE_STANDARD = gnu11;
				GCC_NO_COMMON_BLOCKS = YES;
				GCC_WARN_64_TO_32_BIT_CONVERSION = YES;
				GCC_WARN_ABOUT_RETURN_TYPE = YES_ERROR;
				GCC_WARN_UNDECLARED_SELECTOR = YES;
				GCC_WARN_UNINITIALIZED_AUTOS = YES_AGGRESSIVE;
				GCC_WARN_UNUSED_FUNCTION = YES;
				GCC_WARN_UNUSED_VARIABLE = YES;
				IPHONEOS_DEPLOYMENT_TARGET = 16.2;
				MTL_ENABLE_DEBUG_INFO = NO;
				MTL_FAST_MATH = YES;
				SDKROOT = iphoneos;
				SWIFT_COMPILATION_MODE = wholemodule;
				SWIFT_OPTIMIZATION_LEVEL = "-O";
				VALIDATE_PRODUCT = YES;
			};
			name = Release;
		};
		C04D9DD72B6AD32F00BB5CF6 /* Debug */ = {
			isa = XCBuildConfiguration;
			buildSettings = {
				ASSETCATALOG_COMPILER_APPICON_NAME = AppIcon;
				ASSETCATALOG_COMPILER_GLOBAL_ACCENT_COLOR_NAME = AccentColor;
				CODE_SIGN_STYLE = Automatic;
				CURRENT_PROJECT_VERSION = 1;
				DEVELOPMENT_ASSET_PATHS = "\"ProjetoFinal/Preview Content\"";
				DEVELOPMENT_TEAM = LHYSG7NQW3;
				ENABLE_PREVIEWS = YES;
				GENERATE_INFOPLIST_FILE = YES;
				INFOPLIST_KEY_UIApplicationSceneManifest_Generation = YES;
				INFOPLIST_KEY_UIApplicationSupportsIndirectInputEvents = YES;
				INFOPLIST_KEY_UILaunchScreen_Generation = YES;
				INFOPLIST_KEY_UISupportedInterfaceOrientations_iPad = "UIInterfaceOrientationPortrait UIInterfaceOrientationPortraitUpsideDown UIInterfaceOrientationLandscapeLeft UIInterfaceOrientationLandscapeRight";
				INFOPLIST_KEY_UISupportedInterfaceOrientations_iPhone = "UIInterfaceOrientationPortrait UIInterfaceOrientationLandscapeLeft UIInterfaceOrientationLandscapeRight";
				LD_RUNPATH_SEARCH_PATHS = (
					"$(inherited)",
					"@executable_path/Frameworks",
				);
				MARKETING_VERSION = 1.0;
				PRODUCT_BUNDLE_IDENTIFIER = ProjetoFinal.teste;
				PRODUCT_NAME = "$(TARGET_NAME)";
				SWIFT_EMIT_LOC_STRINGS = YES;
				SWIFT_VERSION = 5.0;
				TARGETED_DEVICE_FAMILY = "1,2";
			};
			name = Debug;
		};
		C04D9DD82B6AD32F00BB5CF6 /* Release */ = {
			isa = XCBuildConfiguration;
			buildSettings = {
				ASSETCATALOG_COMPILER_APPICON_NAME = AppIcon;
				ASSETCATALOG_COMPILER_GLOBAL_ACCENT_COLOR_NAME = AccentColor;
				CODE_SIGN_STYLE = Automatic;
				CURRENT_PROJECT_VERSION = 1;
				DEVELOPMENT_ASSET_PATHS = "\"ProjetoFinal/Preview Content\"";
				DEVELOPMENT_TEAM = LHYSG7NQW3;
				ENABLE_PREVIEWS = YES;
				GENERATE_INFOPLIST_FILE = YES;
				INFOPLIST_KEY_UIApplicationSceneManifest_Generation = YES;
				INFOPLIST_KEY_UIApplicationSupportsIndirectInputEvents = YES;
				INFOPLIST_KEY_UILaunchScreen_Generation = YES;
				INFOPLIST_KEY_UISupportedInterfaceOrientations_iPad = "UIInterfaceOrientationPortrait UIInterfaceOrientationPortraitUpsideDown UIInterfaceOrientationLandscapeLeft UIInterfaceOrientationLandscapeRight";
				INFOPLIST_KEY_UISupportedInterfaceOrientations_iPhone = "UIInterfaceOrientationPortrait UIInterfaceOrientationLandscapeLeft UIInterfaceOrientationLandscapeRight";
				LD_RUNPATH_SEARCH_PATHS = (
					"$(inherited)",
					"@executable_path/Frameworks",
				);
				MARKETING_VERSION = 1.0;
				PRODUCT_BUNDLE_IDENTIFIER = ProjetoFinal.teste;
				PRODUCT_NAME = "$(TARGET_NAME)";
				SWIFT_EMIT_LOC_STRINGS = YES;
				SWIFT_VERSION = 5.0;
				TARGETED_DEVICE_FAMILY = "1,2";
			};
			name = Release;
		};
/* End XCBuildConfiguration section */

/* Begin XCConfigurationList section */
		C04D9DC32B6AD32D00BB5CF6 /* Build configuration list for PBXProject "ProjetoFinal" */ = {
			isa = XCConfigurationList;
			buildConfigurations = (
				C04D9DD42B6AD32F00BB5CF6 /* Debug */,
				C04D9DD52B6AD32F00BB5CF6 /* Release */,
			);
			defaultConfigurationIsVisible = 0;
			defaultConfigurationName = Release;
		};
		C04D9DD62B6AD32F00BB5CF6 /* Build configuration list for PBXNativeTarget "ProjetoFinal" */ = {
			isa = XCConfigurationList;
			buildConfigurations = (
				C04D9DD72B6AD32F00BB5CF6 /* Debug */,
				C04D9DD82B6AD32F00BB5CF6 /* Release */,
			);
			defaultConfigurationIsVisible = 0;
			defaultConfigurationName = Release;
		};
/* End XCConfigurationList section */
	};
	rootObject = C04D9DC02B6AD32D00BB5CF6 /* Project object */;
}
